
Microsoft Visual Studio Solution File, Format Version 12.00
# Visual Studio 15
VisualStudioVersion = 15.0.28307.168
MinimumVisualStudioVersion = 10.0.40219.1
Project("{FAE04EC0-301F-11D3-BF4B-00C04F79EFBC}") = "C0730478", "C0730478\C0730478.csproj", "{D0B1BB11-7B74-4DB0-AAAD-F53D21AE8F60}"
EndProject
Global
	GlobalSection(SolutionConfigurationPlatforms) = preSolution
		Debug|Any CPU = Debug|Any CPU
		Release|Any CPU = Release|Any CPU
	EndGlobalSection
	GlobalSection(ProjectConfigurationPlatforms) = postSolution
		{D0B1BB11-7B74-4DB0-AAAD-F53D21AE8F60}.Debug|Any CPU.ActiveCfg = Debug|Any CPU
		{D0B1BB11-7B74-4DB0-AAAD-F53D21AE8F60}.Debug|Any CPU.Build.0 = Debug|Any CPU
		{D0B1BB11-7B74-4DB0-AAAD-F53D21AE8F60}.Release|Any CPU.ActiveCfg = Release|Any CPU
		{D0B1BB11-7B74-4DB0-AAAD-F53D21AE8F60}.Release|Any CPU.Build.0 = Release|Any CPU
	EndGlobalSection
	GlobalSection(SolutionProperties) = preSolution
		HideSolutionNode = FALSE
	EndGlobalSection
	GlobalSection(ExtensibilityGlobals) = postSolution
		SolutionGuid = {8F562E10-A6D2-4755-B807-0100393CA306}
	EndGlobalSection
EndGlobal
